
Microsoft Visual Studio Solution File, Format Version 12.00
# Visual Studio 15
VisualStudioVersion = 15.0.26124.0
MinimumVisualStudioVersion = 15.0.26124.0
Project("{FAE04EC0-301F-11D3-BF4B-00C04F79EFBC}") = "Matrix.Agent.Journal", "Matrix.Agent.Journal\Matrix.Agent.Journal.csproj", "{EFD107F9-0462-49BD-8859-2477B40B62BB}"
EndProject
Project("{FAE04EC0-301F-11D3-BF4B-00C04F79EFBC}") = "Matrix.Agent.Journal.Business", "Matrix.Agent.Journal.Business\Matrix.Agent.Journal.Business.csproj", "{C3D1A482-B790-4AF3-91E1-9467EF310BFB}"
EndProject
Project("{FAE04EC0-301F-11D3-BF4B-00C04F79EFBC}") = "Matrix.Agent.Journal.Database", "Matrix.Agent.Journal.Database\Matrix.Agent.Journal.Database.csproj", "{A92DFBC3-52B5-4A2B-B287-19B9F64CB280}"
EndProject
Project("{FAE04EC0-301F-11D3-BF4B-00C04F79EFBC}") = "Matrix.Agent.Journal.Model", "Matrix.Agent.Journal.Model\Matrix.Agent.Journal.Model.csproj", "{6496A22F-73EF-4263-BA21-79143CA86068}"
EndProject
Global
	GlobalSection(SolutionConfigurationPlatforms) = preSolution
		Debug|Any CPU = Debug|Any CPU
		Debug|x64 = Debug|x64
		Debug|x86 = Debug|x86
		Release|Any CPU = Release|Any CPU
		Release|x64 = Release|x64
		Release|x86 = Release|x86
	EndGlobalSection
	GlobalSection(SolutionProperties) = preSolution
		HideSolutionNode = FALSE
	EndGlobalSection
	GlobalSection(ProjectConfigurationPlatforms) = postSolution
		{EFD107F9-0462-49BD-8859-2477B40B62BB}.Debug|Any CPU.ActiveCfg = Debug|Any CPU
		{EFD107F9-0462-49BD-8859-2477B40B62BB}.Debug|Any CPU.Build.0 = Debug|Any CPU
		{EFD107F9-0462-49BD-8859-2477B40B62BB}.Debug|x64.ActiveCfg = Debug|Any CPU
		{EFD107F9-0462-49BD-8859-2477B40B62BB}.Debug|x64.Build.0 = Debug|Any CPU
		{EFD107F9-0462-49BD-8859-2477B40B62BB}.Debug|x86.ActiveCfg = Debug|Any CPU
		{EFD107F9-0462-49BD-8859-2477B40B62BB}.Debug|x86.Build.0 = Debug|Any CPU
		{EFD107F9-0462-49BD-8859-2477B40B62BB}.Release|Any CPU.ActiveCfg = Release|Any CPU
		{EFD107F9-0462-49BD-8859-2477B40B62BB}.Release|Any CPU.Build.0 = Release|Any CPU
		{EFD107F9-0462-49BD-8859-2477B40B62BB}.Release|x64.ActiveCfg = Release|Any CPU
		{EFD107F9-0462-49BD-8859-2477B40B62BB}.Release|x64.Build.0 = Release|Any CPU
		{EFD107F9-0462-49BD-8859-2477B40B62BB}.Release|x86.ActiveCfg = Release|Any CPU
		{EFD107F9-0462-49BD-8859-2477B40B62BB}.Release|x86.Build.0 = Release|Any CPU
		{C3D1A482-B790-4AF3-91E1-9467EF310BFB}.Debug|Any CPU.ActiveCfg = Debug|Any CPU
		{C3D1A482-B790-4AF3-91E1-9467EF310BFB}.Debug|Any CPU.Build.0 = Debug|Any CPU
		{C3D1A482-B790-4AF3-91E1-9467EF310BFB}.Debug|x64.ActiveCfg = Debug|Any CPU
		{C3D1A482-B790-4AF3-91E1-9467EF310BFB}.Debug|x64.Build.0 = Debug|Any CPU
		{C3D1A482-B790-4AF3-91E1-9467EF310BFB}.Debug|x86.ActiveCfg = Debug|Any CPU
		{C3D1A482-B790-4AF3-91E1-9467EF310BFB}.Debug|x86.Build.0 = Debug|Any CPU
		{C3D1A482-B790-4AF3-91E1-9467EF310BFB}.Release|Any CPU.ActiveCfg = Release|Any CPU
		{C3D1A482-B790-4AF3-91E1-9467EF310BFB}.Release|Any CPU.Build.0 = Release|Any CPU
		{C3D1A482-B790-4AF3-91E1-9467EF310BFB}.Release|x64.ActiveCfg = Release|Any CPU
		{C3D1A482-B790-4AF3-91E1-9467EF310BFB}.Release|x64.Build.0 = Release|Any CPU
		{C3D1A482-B790-4AF3-91E1-9467EF310BFB}.Release|x86.ActiveCfg = Release|Any CPU
		{C3D1A482-B790-4AF3-91E1-9467EF310BFB}.Release|x86.Build.0 = Release|Any CPU
		{A92DFBC3-52B5-4A2B-B287-19B9F64CB280}.Debug|Any CPU.ActiveCfg = Debug|Any CPU
		{A92DFBC3-52B5-4A2B-B287-19B9F64CB280}.Debug|Any CPU.Build.0 = Debug|Any CPU
		{A92DFBC3-52B5-4A2B-B287-19B9F64CB280}.Debug|x64.ActiveCfg = Debug|Any CPU
		{A92DFBC3-52B5-4A2B-B287-19B9F64CB280}.Debug|x64.Build.0 = Debug|Any CPU
		{A92DFBC3-52B5-4A2B-B287-19B9F64CB280}.Debug|x86.ActiveCfg = Debug|Any CPU
		{A92DFBC3-52B5-4A2B-B287-19B9F64CB280}.Debug|x86.Build.0 = Debug|Any CPU
		{A92DFBC3-52B5-4A2B-B287-19B9F64CB280}.Release|Any CPU.ActiveCfg = Release|Any CPU
		{A92DFBC3-52B5-4A2B-B287-19B9F64CB280}.Release|Any CPU.Build.0 = Release|Any CPU
		{A92DFBC3-52B5-4A2B-B287-19B9F64CB280}.Release|x64.ActiveCfg = Release|Any CPU
		{A92DFBC3-52B5-4A2B-B287-19B9F64CB280}.Release|x64.Build.0 = Release|Any CPU
		{A92DFBC3-52B5-4A2B-B287-19B9F64CB280}.Release|x86.ActiveCfg = Release|Any CPU
		{A92DFBC3-52B5-4A2B-B287-19B9F64CB280}.Release|x86.Build.0 = Release|Any CPU
		{6496A22F-73EF-4263-BA21-79143CA86068}.Debug|Any CPU.ActiveCfg = Debug|Any CPU
		{6496A22F-73EF-4263-BA21-79143CA86068}.Debug|Any CPU.Build.0 = Debug|Any CPU
		{6496A22F-73EF-4263-BA21-79143CA86068}.Debug|x64.ActiveCfg = Debug|Any CPU
		{6496A22F-73EF-4263-BA21-79143CA86068}.Debug|x64.Build.0 = Debug|Any CPU
		{6496A22F-73EF-4263-BA21-79143CA86068}.Debug|x86.ActiveCfg = Debug|Any CPU
		{6496A22F-73EF-4263-BA21-79143CA86068}.Debug|x86.Build.0 = Debug|Any CPU
		{6496A22F-73EF-4263-BA21-79143CA86068}.Release|Any CPU.ActiveCfg = Release|Any CPU
		{6496A22F-73EF-4263-BA21-79143CA86068}.Release|Any CPU.Build.0 = Release|Any CPU
		{6496A22F-73EF-4263-BA21-79143CA86068}.Release|x64.ActiveCfg = Release|Any CPU
		{6496A22F-73EF-4263-BA21-79143CA86068}.Release|x64.Build.0 = Release|Any CPU
		{6496A22F-73EF-4263-BA21-79143CA86068}.Release|x86.ActiveCfg = Release|Any CPU
		{6496A22F-73EF-4263-BA21-79143CA86068}.Release|x86.Build.0 = Release|Any CPU
	EndGlobalSection
EndGlobal
